
Microsoft Visual Studio Solution File, Format Version 12.00
# Visual Studio 15
VisualStudioVersion = 15.0.28010.2046
MinimumVisualStudioVersion = 10.0.40219.1
Project("{8BC9CEB8-8B4A-11D0-8D11-00A0C91BC942}") = "20180918", "20180918\20180918.vcxproj", "{01A66053-C40D-4DB5-BA96-AD33EC5BEFBD}"
EndProject
Project("{8BC9CEB8-8B4A-11D0-8D11-00A0C91BC942}") = "20181002", "20181002\20181002.vcxproj", "{9A8570A1-00D7-4203-A151-32BBF3B53CC0}"
EndProject
Project("{8BC9CEB8-8B4A-11D0-8D11-00A0C91BC942}") = "HW1-01", "HW1-01\HW1-01.vcxproj", "{D91134D6-6542-4ADB-B3B6-565C5A6C88D6}"
EndProject
Project("{8BC9CEB8-8B4A-11D0-8D11-00A0C91BC942}") = "HW1-03", "HW1-03\HW1-03.vcxproj", "{BB0C1AFA-6565-4B7D-87CE-21580DF6B0F8}"
EndProject
Project("{8BC9CEB8-8B4A-11D0-8D11-00A0C91BC942}") = "HW1-02", "HW1-02\HW1-02.vcxproj", "{AA02A3AE-90F4-48D2-9F4C-94806B41138D}"
EndProject
Project("{8BC9CEB8-8B4A-11D0-8D11-00A0C91BC942}") = "HW1-04", "HW1-04\HW1-04.vcxproj", "{DAA31A03-C311-4C35-AF4E-001B272A1D95}"
EndProject
Global
	GlobalSection(SolutionConfigurationPlatforms) = preSolution
		Debug|x64 = Debug|x64
		Debug|x86 = Debug|x86
		Release|x64 = Release|x64
		Release|x86 = Release|x86
	EndGlobalSection
	GlobalSection(ProjectConfigurationPlatforms) = postSolution
		{01A66053-C40D-4DB5-BA96-AD33EC5BEFBD}.Debug|x64.ActiveCfg = Debug|x64
		{01A66053-C40D-4DB5-BA96-AD33EC5BEFBD}.Debug|x64.Build.0 = Debug|x64
		{01A66053-C40D-4DB5-BA96-AD33EC5BEFBD}.Debug|x86.ActiveCfg = Debug|Win32
		{01A66053-C40D-4DB5-BA96-AD33EC5BEFBD}.Debug|x86.Build.0 = Debug|Win32
		{01A66053-C40D-4DB5-BA96-AD33EC5BEFBD}.Release|x64.ActiveCfg = Release|x64
		{01A66053-C40D-4DB5-BA96-AD33EC5BEFBD}.Release|x64.Build.0 = Release|x64
		{01A66053-C40D-4DB5-BA96-AD33EC5BEFBD}.Release|x86.ActiveCfg = Release|Win32
		{01A66053-C40D-4DB5-BA96-AD33EC5BEFBD}.Release|x86.Build.0 = Release|Win32
		{9A8570A1-00D7-4203-A151-32BBF3B53CC0}.Debug|x64.ActiveCfg = Debug|x64
		{9A8570A1-00D7-4203-A151-32BBF3B53CC0}.Debug|x64.Build.0 = Debug|x64
		{9A8570A1-00D7-4203-A151-32BBF3B53CC0}.Debug|x86.ActiveCfg = Debug|Win32
		{9A8570A1-00D7-4203-A151-32BBF3B53CC0}.Debug|x86.Build.0 = Debug|Win32
		{9A8570A1-00D7-4203-A151-32BBF3B53CC0}.Release|x64.ActiveCfg = Release|x64
		{9A8570A1-00D7-4203-A151-32BBF3B53CC0}.Release|x64.Build.0 = Release|x64
		{9A8570A1-00D7-4203-A151-32BBF3B53CC0}.Release|x86.ActiveCfg = Release|Win32
		{9A8570A1-00D7-4203-A151-32BBF3B53CC0}.Release|x86.Build.0 = Release|Win32
		{D91134D6-6542-4ADB-B3B6-565C5A6C88D6}.Debug|x64.ActiveCfg = Debug|x64
		{D91134D6-6542-4ADB-B3B6-565C5A6C88D6}.Debug|x64.Build.0 = Debug|x64
		{D91134D6-6542-4ADB-B3B6-565C5A6C88D6}.Debug|x86.ActiveCfg = Debug|Win32
		{D91134D6-6542-4ADB-B3B6-565C5A6C88D6}.Debug|x86.Build.0 = Debug|Win32
		{D91134D6-6542-4ADB-B3B6-565C5A6C88D6}.Release|x64.ActiveCfg = Release|x64
		{D91134D6-6542-4ADB-B3B6-565C5A6C88D6}.Release|x64.Build.0 = Release|x64
		{D91134D6-6542-4ADB-B3B6-565C5A6C88D6}.Release|x86.ActiveCfg = Release|Win32
		{D91134D6-6542-4ADB-B3B6-565C5A6C88D6}.Release|x86.Build.0 = Release|Win32
		{BB0C1AFA-6565-4B7D-87CE-21580DF6B0F8}.Debug|x64.ActiveCfg = Debug|x64
		{BB0C1AFA-6565-4B7D-87CE-21580DF6B0F8}.Debug|x64.Build.0 = Debug|x64
		{BB0C1AFA-6565-4B7D-87CE-21580DF6B0F8}.Debug|x86.ActiveCfg = Debug|Win32
		{BB0C1AFA-6565-4B7D-87CE-21580DF6B0F8}.Debug|x86.Build.0 = Debug|Win32
		{BB0C1AFA-6565-4B7D-87CE-21580DF6B0F8}.Release|x64.ActiveCfg = Release|x64
		{BB0C1AFA-6565-4B7D-87CE-21580DF6B0F8}.Release|x64.Build.0 = Release|x64
		{BB0C1AFA-6565-4B7D-87CE-21580DF6B0F8}.Release|x86.ActiveCfg = Release|Win32
		{BB0C1AFA-6565-4B7D-87CE-21580DF6B0F8}.Release|x86.Build.0 = Release|Win32
		{AA02A3AE-90F4-48D2-9F4C-94806B41138D}.Debug|x64.ActiveCfg = Debug|x64
		{AA02A3AE-90F4-48D2-9F4C-94806B41138D}.Debug|x64.Build.0 = Debug|x64
		{AA02A3AE-90F4-48D2-9F4C-94806B41138D}.Debug|x86.ActiveCfg = Debug|Win32
		{AA02A3AE-90F4-48D2-9F4C-94806B41138D}.Debug|x86.Build.0 = Debug|Win32
		{AA02A3AE-90F4-48D2-9F4C-94806B41138D}.Release|x64.ActiveCfg = Release|x64
		{AA02A3AE-90F4-48D2-9F4C-94806B41138D}.Release|x64.Build.0 = Release|x64
		{AA02A3AE-90F4-48D2-9F4C-94806B41138D}.Release|x86.ActiveCfg = Release|Win32
		{AA02A3AE-90F4-48D2-9F4C-94806B41138D}.Release|x86.Build.0 = Release|Win32
		{DAA31A03-C311-4C35-AF4E-001B272A1D95}.Debug|x64.ActiveCfg = Debug|x64
		{DAA31A03-C311-4C35-AF4E-001B272A1D95}.Debug|x64.Build.0 = Debug|x64
		{DAA31A03-C311-4C35-AF4E-001B272A1D95}.Debug|x86.ActiveCfg = Debug|Win32
		{DAA31A03-C311-4C35-AF4E-001B272A1D95}.Debug|x86.Build.0 = Debug|Win32
		{DAA31A03-C311-4C35-AF4E-001B272A1D95}.Release|x64.ActiveCfg = Release|x64
		{DAA31A03-C311-4C35-AF4E-001B272A1D95}.Release|x64.Build.0 = Release|x64
		{DAA31A03-C311-4C35-AF4E-001B272A1D95}.Release|x86.ActiveCfg = Release|Win32
		{DAA31A03-C311-4C35-AF4E-001B272A1D95}.Release|x86.Build.0 = Release|Win32
	EndGlobalSection
	GlobalSection(SolutionProperties) = preSolution
		HideSolutionNode = FALSE
	EndGlobalSection
	GlobalSection(ExtensibilityGlobals) = postSolution
		SolutionGuid = {A4098D99-27D8-4B61-A10A-1994C466C858}
	EndGlobalSection
EndGlobal
